
Microsoft Visual Studio Solution File, Format Version 12.00
# Visual Studio Version 16
VisualStudioVersion = 16.0.30011.22
MinimumVisualStudioVersion = 10.0.40219.1
Project("{FAE04EC0-301F-11D3-BF4B-00C04F79EFBC}") = "QLTV", "QLTV\QLTV.csproj", "{A9BDB3A3-3071-4D6E-BF38-8F5F2AF91067}"
EndProject
Global
	GlobalSection(SolutionConfigurationPlatforms) = preSolution
		Debug|Any CPU = Debug|Any CPU
		Release|Any CPU = Release|Any CPU
	EndGlobalSection
	GlobalSection(ProjectConfigurationPlatforms) = postSolution
		{A9BDB3A3-3071-4D6E-BF38-8F5F2AF91067}.Debug|Any CPU.ActiveCfg = Debug|Any CPU
		{A9BDB3A3-3071-4D6E-BF38-8F5F2AF91067}.Debug|Any CPU.Build.0 = Debug|Any CPU
		{A9BDB3A3-3071-4D6E-BF38-8F5F2AF91067}.Release|Any CPU.ActiveCfg = Release|Any CPU
		{A9BDB3A3-3071-4D6E-BF38-8F5F2AF91067}.Release|Any CPU.Build.0 = Release|Any CPU
	EndGlobalSection
	GlobalSection(SolutionProperties) = preSolution
		HideSolutionNode = FALSE
	EndGlobalSection
	GlobalSection(ExtensibilityGlobals) = postSolution
		SolutionGuid = {9969784B-5F4E-42EB-8C6F-89A83E6CEBB9}
	EndGlobalSection
EndGlobal
