
Microsoft Visual Studio Solution File, Format Version 12.00
# Visual Studio Version 16
VisualStudioVersion = 16.0.31025.194
MinimumVisualStudioVersion = 10.0.40219.1
Project("{FAE04EC0-301F-11D3-BF4B-00C04F79EFBC}") = "CreateReporting", "CreateReporting\CreateReporting.csproj", "{C95AE7D0-7B23-4D5C-8922-9BE5E66FA06B}"
EndProject
Global
	GlobalSection(SolutionConfigurationPlatforms) = preSolution
		Debug|Any CPU = Debug|Any CPU
		Release|Any CPU = Release|Any CPU
	EndGlobalSection
	GlobalSection(ProjectConfigurationPlatforms) = postSolution
		{C95AE7D0-7B23-4D5C-8922-9BE5E66FA06B}.Debug|Any CPU.ActiveCfg = Debug|Any CPU
		{C95AE7D0-7B23-4D5C-8922-9BE5E66FA06B}.Debug|Any CPU.Build.0 = Debug|Any CPU
		{C95AE7D0-7B23-4D5C-8922-9BE5E66FA06B}.Release|Any CPU.ActiveCfg = Release|Any CPU
		{C95AE7D0-7B23-4D5C-8922-9BE5E66FA06B}.Release|Any CPU.Build.0 = Release|Any CPU
	EndGlobalSection
	GlobalSection(SolutionProperties) = preSolution
		HideSolutionNode = FALSE
	EndGlobalSection
	GlobalSection(ExtensibilityGlobals) = postSolution
		SolutionGuid = {D77CF4A9-64CF-427F-A795-9F9BE41A0C7D}
	EndGlobalSection
EndGlobal
