
Microsoft Visual Studio Solution File, Format Version 12.00
# Visual Studio Version 16
VisualStudioVersion = 16.0.31112.23
MinimumVisualStudioVersion = 10.0.40219.1
Project("{FAE04EC0-301F-11D3-BF4B-00C04F79EFBC}") = "LTQL-Buoi2-TranMinhTri", "LTQL-Buoi2-TranMinhTri\LTQL-Buoi2-TranMinhTri.csproj", "{D3019C41-118A-4E0F-B9CF-DD4128AFA318}"
EndProject
Global
	GlobalSection(SolutionConfigurationPlatforms) = preSolution
		Debug|Any CPU = Debug|Any CPU
		Release|Any CPU = Release|Any CPU
	EndGlobalSection
	GlobalSection(ProjectConfigurationPlatforms) = postSolution
		{D3019C41-118A-4E0F-B9CF-DD4128AFA318}.Debug|Any CPU.ActiveCfg = Debug|Any CPU
		{D3019C41-118A-4E0F-B9CF-DD4128AFA318}.Debug|Any CPU.Build.0 = Debug|Any CPU
		{D3019C41-118A-4E0F-B9CF-DD4128AFA318}.Release|Any CPU.ActiveCfg = Release|Any CPU
		{D3019C41-118A-4E0F-B9CF-DD4128AFA318}.Release|Any CPU.Build.0 = Release|Any CPU
	EndGlobalSection
	GlobalSection(SolutionProperties) = preSolution
		HideSolutionNode = FALSE
	EndGlobalSection
	GlobalSection(ExtensibilityGlobals) = postSolution
		SolutionGuid = {C3DC7DDC-86BD-499B-89F4-2778400CFF72}
	EndGlobalSection
EndGlobal
