
Microsoft Visual Studio Solution File, Format Version 12.00
# Visual Studio Version 16
VisualStudioVersion = 16.0.31025.194
MinimumVisualStudioVersion = 10.0.40219.1
Project("{FAE04EC0-301F-11D3-BF4B-00C04F79EFBC}") = "CreateXtraReport", "CreateXtraReport\CreateXtraReport.csproj", "{FC9AF809-DB4D-4C67-A7B4-2D920222A2EC}"
EndProject
Global
	GlobalSection(SolutionConfigurationPlatforms) = preSolution
		Debug|Any CPU = Debug|Any CPU
		Release|Any CPU = Release|Any CPU
	EndGlobalSection
	GlobalSection(ProjectConfigurationPlatforms) = postSolution
		{FC9AF809-DB4D-4C67-A7B4-2D920222A2EC}.Debug|Any CPU.ActiveCfg = Debug|Any CPU
		{FC9AF809-DB4D-4C67-A7B4-2D920222A2EC}.Debug|Any CPU.Build.0 = Debug|Any CPU
		{FC9AF809-DB4D-4C67-A7B4-2D920222A2EC}.Release|Any CPU.ActiveCfg = Release|Any CPU
		{FC9AF809-DB4D-4C67-A7B4-2D920222A2EC}.Release|Any CPU.Build.0 = Release|Any CPU
	EndGlobalSection
	GlobalSection(SolutionProperties) = preSolution
		HideSolutionNode = FALSE
	EndGlobalSection
	GlobalSection(ExtensibilityGlobals) = postSolution
		SolutionGuid = {1F5797F4-5DF4-43CA-8547-31ABAD31A0D4}
	EndGlobalSection
EndGlobal
